
Microsoft Visual Studio Solution File, Format Version 12.00
# Visual Studio Version 17
VisualStudioVersion = 17.6.33723.286
MinimumVisualStudioVersion = 10.0.40219.1
Project("{FAE04EC0-301F-11D3-BF4B-00C04F79EFBC}") = "Task_1", "Task_1\Task_1.csproj", "{24B65A97-19B2-4C21-AA7B-C24D0EE1BC71}"
EndProject
Project("{9A19103F-16F7-4668-BE54-9A1E7A4F7556}") = "Task_2_form", "Task_2_form\Task_2_form.csproj", "{EDA7E752-4120-46A1-8ABB-CB2C507AFBFA}"
EndProject
Global
	GlobalSection(SolutionConfigurationPlatforms) = preSolution
		Debug|Any CPU = Debug|Any CPU
		Release|Any CPU = Release|Any CPU
	EndGlobalSection
	GlobalSection(ProjectConfigurationPlatforms) = postSolution
		{24B65A97-19B2-4C21-AA7B-C24D0EE1BC71}.Debug|Any CPU.ActiveCfg = Debug|Any CPU
		{24B65A97-19B2-4C21-AA7B-C24D0EE1BC71}.Debug|Any CPU.Build.0 = Debug|Any CPU
		{24B65A97-19B2-4C21-AA7B-C24D0EE1BC71}.Release|Any CPU.ActiveCfg = Release|Any CPU
		{24B65A97-19B2-4C21-AA7B-C24D0EE1BC71}.Release|Any CPU.Build.0 = Release|Any CPU
		{EDA7E752-4120-46A1-8ABB-CB2C507AFBFA}.Debug|Any CPU.ActiveCfg = Debug|Any CPU
		{EDA7E752-4120-46A1-8ABB-CB2C507AFBFA}.Debug|Any CPU.Build.0 = Debug|Any CPU
		{EDA7E752-4120-46A1-8ABB-CB2C507AFBFA}.Release|Any CPU.ActiveCfg = Release|Any CPU
		{EDA7E752-4120-46A1-8ABB-CB2C507AFBFA}.Release|Any CPU.Build.0 = Release|Any CPU
	EndGlobalSection
	GlobalSection(SolutionProperties) = preSolution
		HideSolutionNode = FALSE
	EndGlobalSection
	GlobalSection(ExtensibilityGlobals) = postSolution
		SolutionGuid = {FBDAE1D4-6638-453C-A304-204B1BBD8500}
	EndGlobalSection
EndGlobal
